
Microsoft Visual Studio Solution File, Format Version 12.00
# Visual Studio 15
Project("{FAE04EC0-301F-11D3-BF4B-00C04F79EFBC}") = "Assembly-CSharp", "Assembly-CSharp.csproj", "{CF72EFC5-13D5-28D1-BFA1-E99E1CE1F118}"
EndProject
Project("{FAE04EC0-301F-11D3-BF4B-00C04F79EFBC}") = "Siccity.GLTFUtility", "Siccity.GLTFUtility.csproj", "{8E503FA7-AFC6-4082-E7DC-275890EF85FB}"
EndProject
Project("{FAE04EC0-301F-11D3-BF4B-00C04F79EFBC}") = "Dracodec", "Dracodec.csproj", "{99262952-E906-9EB3-183D-F8720789CD45}"
EndProject
Project("{FAE04EC0-301F-11D3-BF4B-00C04F79EFBC}") = "Assembly-CSharp-Editor", "Assembly-CSharp-Editor.csproj", "{D2244105-2C51-96FC-73EA-F1557CD8A721}"
EndProject
Project("{FAE04EC0-301F-11D3-BF4B-00C04F79EFBC}") = "Siccity.GLTFUtility.Editor", "Siccity.GLTFUtility.Editor.csproj", "{7583D0C7-9E42-ABD2-5BE8-128D04BF4646}"
EndProject
Global
	GlobalSection(SolutionConfigurationPlatforms) = preSolution
		Debug|Any CPU = Debug|Any CPU
		Release|Any CPU = Release|Any CPU
	EndGlobalSection
	GlobalSection(ProjectConfigurationPlatforms) = postSolution
		{CF72EFC5-13D5-28D1-BFA1-E99E1CE1F118}.Debug|Any CPU.ActiveCfg = Debug|Any CPU
		{CF72EFC5-13D5-28D1-BFA1-E99E1CE1F118}.Debug|Any CPU.Build.0 = Debug|Any CPU
		{CF72EFC5-13D5-28D1-BFA1-E99E1CE1F118}.Release|Any CPU.ActiveCfg = Release|Any CPU
		{CF72EFC5-13D5-28D1-BFA1-E99E1CE1F118}.Release|Any CPU.Build.0 = Release|Any CPU
		{8E503FA7-AFC6-4082-E7DC-275890EF85FB}.Debug|Any CPU.ActiveCfg = Debug|Any CPU
		{8E503FA7-AFC6-4082-E7DC-275890EF85FB}.Debug|Any CPU.Build.0 = Debug|Any CPU
		{8E503FA7-AFC6-4082-E7DC-275890EF85FB}.Release|Any CPU.ActiveCfg = Release|Any CPU
		{8E503FA7-AFC6-4082-E7DC-275890EF85FB}.Release|Any CPU.Build.0 = Release|Any CPU
		{99262952-E906-9EB3-183D-F8720789CD45}.Debug|Any CPU.ActiveCfg = Debug|Any CPU
		{99262952-E906-9EB3-183D-F8720789CD45}.Debug|Any CPU.Build.0 = Debug|Any CPU
		{99262952-E906-9EB3-183D-F8720789CD45}.Release|Any CPU.ActiveCfg = Release|Any CPU
		{99262952-E906-9EB3-183D-F8720789CD45}.Release|Any CPU.Build.0 = Release|Any CPU
		{D2244105-2C51-96FC-73EA-F1557CD8A721}.Debug|Any CPU.ActiveCfg = Debug|Any CPU
		{D2244105-2C51-96FC-73EA-F1557CD8A721}.Debug|Any CPU.Build.0 = Debug|Any CPU
		{D2244105-2C51-96FC-73EA-F1557CD8A721}.Release|Any CPU.ActiveCfg = Release|Any CPU
		{D2244105-2C51-96FC-73EA-F1557CD8A721}.Release|Any CPU.Build.0 = Release|Any CPU
		{7583D0C7-9E42-ABD2-5BE8-128D04BF4646}.Debug|Any CPU.ActiveCfg = Debug|Any CPU
		{7583D0C7-9E42-ABD2-5BE8-128D04BF4646}.Debug|Any CPU.Build.0 = Debug|Any CPU
		{7583D0C7-9E42-ABD2-5BE8-128D04BF4646}.Release|Any CPU.ActiveCfg = Release|Any CPU
		{7583D0C7-9E42-ABD2-5BE8-128D04BF4646}.Release|Any CPU.Build.0 = Release|Any CPU
	EndGlobalSection
	GlobalSection(SolutionProperties) = preSolution
		HideSolutionNode = FALSE
	EndGlobalSection
EndGlobal
